
Microsoft Visual Studio Solution File, Format Version 12.00
# Visual Studio Version 16
VisualStudioVersion = 16.0.32228.343
MinimumVisualStudioVersion = 10.0.40219.1
Project("{9A19103F-16F7-4668-BE54-9A1E7A4F7556}") = "ASP.NET-Core-MVC-Project", "ASP.NET-Core-MVC-Project\ASP.NET-Core-MVC-Project.csproj", "{1F4E94CF-1483-4376-B9EF-3053C03BDF97}"
EndProject
Project("{9A19103F-16F7-4668-BE54-9A1E7A4F7556}") = "BusinessLayer", "BusinessLayer\BusinessLayer.csproj", "{6E7BF1A0-496A-4D38-8414-E5983FE103E6}"
EndProject
Project("{9A19103F-16F7-4668-BE54-9A1E7A4F7556}") = "CoreLayer", "CoreLayer\CoreLayer.csproj", "{0E315984-30AC-42CB-A010-88B7AE4F2DF4}"
EndProject
Project("{9A19103F-16F7-4668-BE54-9A1E7A4F7556}") = "DataAccessLayer", "DataAccessLayer\DataAccessLayer.csproj", "{80E91ADE-06FB-4F94-B860-DD3DE25B4656}"
EndProject
Project("{9A19103F-16F7-4668-BE54-9A1E7A4F7556}") = "EntityLayer", "EntityLayer\EntityLayer.csproj", "{78ECB621-5F94-4DFA-829F-FC839EF75AFA}"
EndProject
Project("{FAE04EC0-301F-11D3-BF4B-00C04F79EFBC}") = "BlogApi", "BlogApi\BlogApi.csproj", "{D9F2B19B-247C-4292-96A8-4F96BD3A50A3}"
EndProject
Global
	GlobalSection(SolutionConfigurationPlatforms) = preSolution
		Debug|Any CPU = Debug|Any CPU
		Release|Any CPU = Release|Any CPU
	EndGlobalSection
	GlobalSection(ProjectConfigurationPlatforms) = postSolution
		{1F4E94CF-1483-4376-B9EF-3053C03BDF97}.Debug|Any CPU.ActiveCfg = Debug|Any CPU
		{1F4E94CF-1483-4376-B9EF-3053C03BDF97}.Debug|Any CPU.Build.0 = Debug|Any CPU
		{1F4E94CF-1483-4376-B9EF-3053C03BDF97}.Release|Any CPU.ActiveCfg = Release|Any CPU
		{1F4E94CF-1483-4376-B9EF-3053C03BDF97}.Release|Any CPU.Build.0 = Release|Any CPU
		{6E7BF1A0-496A-4D38-8414-E5983FE103E6}.Debug|Any CPU.ActiveCfg = Debug|Any CPU
		{6E7BF1A0-496A-4D38-8414-E5983FE103E6}.Debug|Any CPU.Build.0 = Debug|Any CPU
		{6E7BF1A0-496A-4D38-8414-E5983FE103E6}.Release|Any CPU.ActiveCfg = Release|Any CPU
		{6E7BF1A0-496A-4D38-8414-E5983FE103E6}.Release|Any CPU.Build.0 = Release|Any CPU
		{0E315984-30AC-42CB-A010-88B7AE4F2DF4}.Debug|Any CPU.ActiveCfg = Debug|Any CPU
		{0E315984-30AC-42CB-A010-88B7AE4F2DF4}.Debug|Any CPU.Build.0 = Debug|Any CPU
		{0E315984-30AC-42CB-A010-88B7AE4F2DF4}.Release|Any CPU.ActiveCfg = Release|Any CPU
		{0E315984-30AC-42CB-A010-88B7AE4F2DF4}.Release|Any CPU.Build.0 = Release|Any CPU
		{80E91ADE-06FB-4F94-B860-DD3DE25B4656}.Debug|Any CPU.ActiveCfg = Debug|Any CPU
		{80E91ADE-06FB-4F94-B860-DD3DE25B4656}.Debug|Any CPU.Build.0 = Debug|Any CPU
		{80E91ADE-06FB-4F94-B860-DD3DE25B4656}.Release|Any CPU.ActiveCfg = Release|Any CPU
		{80E91ADE-06FB-4F94-B860-DD3DE25B4656}.Release|Any CPU.Build.0 = Release|Any CPU
		{78ECB621-5F94-4DFA-829F-FC839EF75AFA}.Debug|Any CPU.ActiveCfg = Debug|Any CPU
		{78ECB621-5F94-4DFA-829F-FC839EF75AFA}.Debug|Any CPU.Build.0 = Debug|Any CPU
		{78ECB621-5F94-4DFA-829F-FC839EF75AFA}.Release|Any CPU.ActiveCfg = Release|Any CPU
		{78ECB621-5F94-4DFA-829F-FC839EF75AFA}.Release|Any CPU.Build.0 = Release|Any CPU
		{D9F2B19B-247C-4292-96A8-4F96BD3A50A3}.Debug|Any CPU.ActiveCfg = Debug|Any CPU
		{D9F2B19B-247C-4292-96A8-4F96BD3A50A3}.Debug|Any CPU.Build.0 = Debug|Any CPU
		{D9F2B19B-247C-4292-96A8-4F96BD3A50A3}.Release|Any CPU.ActiveCfg = Release|Any CPU
		{D9F2B19B-247C-4292-96A8-4F96BD3A50A3}.Release|Any CPU.Build.0 = Release|Any CPU
	EndGlobalSection
	GlobalSection(SolutionProperties) = preSolution
		HideSolutionNode = FALSE
	EndGlobalSection
	GlobalSection(ExtensibilityGlobals) = postSolution
		SolutionGuid = {82B74BDE-F64B-4B27-90BF-0444C3A4A23C}
	EndGlobalSection
EndGlobal
